// !$*UTF8*$!
{
	archiveVersion = 1;
	classes = {
	};
	objectVersion = 50;
	objects = {

/* Begin PBXBuildFile section */
		6523EEA321CDDBD200EF0333 /* AppDelegate.swift in Sources */ = {isa = PBXBuildFile; fileRef = 6523EEA221CDDBD200EF0333 /* AppDelegate.swift */; };
		6523EEAB21CDDBD200EF0333 /* apollo_iOS.xcdatamodeld in Sources */ = {isa = PBXBuildFile; fileRef = 6523EEA921CDDBD200EF0333 /* apollo_iOS.xcdatamodeld */; };
		6523EEAD21CDDBD500EF0333 /* Assets.xcassets in Resources */ = {isa = PBXBuildFile; fileRef = 6523EEAC21CDDBD500EF0333 /* Assets.xcassets */; };
		6523EEB021CDDBD500EF0333 /* LaunchScreen.storyboard in Resources */ = {isa = PBXBuildFile; fileRef = 6523EEAE21CDDBD500EF0333 /* LaunchScreen.storyboard */; };
		6523EEC521CDDEC400EF0333 /* RecordingInformation+CoreDataClass.swift in Sources */ = {isa = PBXBuildFile; fileRef = 6523EEB921CDDEC400EF0333 /* RecordingInformation+CoreDataClass.swift */; };
		6523EEC621CDDEC400EF0333 /* RecordingInformation+CoreDataProperties.swift in Sources */ = {isa = PBXBuildFile; fileRef = 6523EEBA21CDDEC400EF0333 /* RecordingInformation+CoreDataProperties.swift */; };
		6523EEC721CDDEC400EF0333 /* Label+CoreDataClass.swift in Sources */ = {isa = PBXBuildFile; fileRef = 6523EEBB21CDDEC400EF0333 /* Label+CoreDataClass.swift */; };
		6523EEC821CDDEC400EF0333 /* Label+CoreDataProperties.swift in Sources */ = {isa = PBXBuildFile; fileRef = 6523EEBC21CDDEC400EF0333 /* Label+CoreDataProperties.swift */; };
		6523EEC921CDDEC400EF0333 /* Recording+CoreDataClass.swift in Sources */ = {isa = PBXBuildFile; fileRef = 6523EEBD21CDDEC400EF0333 /* Recording+CoreDataClass.swift */; };
		6523EECA21CDDEC400EF0333 /* Recording+CoreDataProperties.swift in Sources */ = {isa = PBXBuildFile; fileRef = 6523EEBE21CDDEC400EF0333 /* Recording+CoreDataProperties.swift */; };
		6523EECB21CDDEC400EF0333 /* Artist+CoreDataClass.swift in Sources */ = {isa = PBXBuildFile; fileRef = 6523EEBF21CDDEC400EF0333 /* Artist+CoreDataClass.swift */; };
		6523EECC21CDDEC400EF0333 /* Artist+CoreDataProperties.swift in Sources */ = {isa = PBXBuildFile; fileRef = 6523EEC021CDDEC400EF0333 /* Artist+CoreDataProperties.swift */; };
		6523EECD21CDDEC400EF0333 /* Genre+CoreDataClass.swift in Sources */ = {isa = PBXBuildFile; fileRef = 6523EEC121CDDEC400EF0333 /* Genre+CoreDataClass.swift */; };
		6523EECE21CDDEC400EF0333 /* Genre+CoreDataProperties.swift in Sources */ = {isa = PBXBuildFile; fileRef = 6523EEC221CDDEC400EF0333 /* Genre+CoreDataProperties.swift */; };
		6523EED721CDE44500EF0333 /* Util.swift in Sources */ = {isa = PBXBuildFile; fileRef = 6523EED621CDE44500EF0333 /* Util.swift */; };
		6523EEDA21CDE7CE00EF0333 /* BrowseViewController.swift in Sources */ = {isa = PBXBuildFile; fileRef = 6523EED921CDE7CE00EF0333 /* BrowseViewController.swift */; };
		6523EEDE21CDECA000EF0333 /* RecordingData.swift in Sources */ = {isa = PBXBuildFile; fileRef = 6523EEDD21CDECA000EF0333 /* RecordingData.swift */; };
		653EA79322498527005B9C35 /* RecordingCell.swift in Sources */ = {isa = PBXBuildFile; fileRef = 653EA79222498527005B9C35 /* RecordingCell.swift */; };
		653EA7952249F0FE005B9C35 /* ArtistCell.swift in Sources */ = {isa = PBXBuildFile; fileRef = 653EA7942249F0FE005B9C35 /* ArtistCell.swift */; };
		65B49D25226BE77700813506 /* DateExtension.swift in Sources */ = {isa = PBXBuildFile; fileRef = 65B49D24226BE77700813506 /* DateExtension.swift */; };
		65C48AFD223B0B6900231B32 /* FollowingViewController.swift in Sources */ = {isa = PBXBuildFile; fileRef = 65C48AFC223B0B6900231B32 /* FollowingViewController.swift */; };
		65C48B01223BE70C00231B32 /* UILabelExtension.swift in Sources */ = {isa = PBXBuildFile; fileRef = 65C48B00223BE70C00231B32 /* UILabelExtension.swift */; };
		65EC7B9A2274EF090077BBBD /* ArtistViewModel.swift in Sources */ = {isa = PBXBuildFile; fileRef = 65EC7B992274EF090077BBBD /* ArtistViewModel.swift */; };
		65EC7B9C2274F7690077BBBD /* RecordingViewModel.swift in Sources */ = {isa = PBXBuildFile; fileRef = 65EC7B9B2274F7690077BBBD /* RecordingViewModel.swift */; };
		65FD31E721DC75A600C9BE90 /* LocalNotif.swift in Sources */ = {isa = PBXBuildFile; fileRef = 65FD31E621DC75A600C9BE90 /* LocalNotif.swift */; };
/* End PBXBuildFile section */

/* Begin PBXFileReference section */
		6523EE9F21CDDBD200EF0333 /* apollo-iOS.app */ = {isa = PBXFileReference; explicitFileType = wrapper.application; includeInIndex = 0; path = "apollo-iOS.app"; sourceTree = BUILT_PRODUCTS_DIR; };
		6523EEA221CDDBD200EF0333 /* AppDelegate.swift */ = {isa = PBXFileReference; lastKnownFileType = sourcecode.swift; path = AppDelegate.swift; sourceTree = "<group>"; };
		6523EEAA21CDDBD200EF0333 /* apollo_iOS.xcdatamodel */ = {isa = PBXFileReference; lastKnownFileType = wrapper.xcdatamodel; path = apollo_iOS.xcdatamodel; sourceTree = "<group>"; };
		6523EEAC21CDDBD500EF0333 /* Assets.xcassets */ = {isa = PBXFileReference; lastKnownFileType = folder.assetcatalog; path = Assets.xcassets; sourceTree = "<group>"; };
		6523EEAF21CDDBD500EF0333 /* Base */ = {isa = PBXFileReference; lastKnownFileType = file.storyboard; name = Base; path = Base.lproj/LaunchScreen.storyboard; sourceTree = "<group>"; };
		6523EEB121CDDBD500EF0333 /* Info.plist */ = {isa = PBXFileReference; lastKnownFileType = text.plist.xml; path = Info.plist; sourceTree = "<group>"; };
		6523EEB921CDDEC400EF0333 /* RecordingInformation+CoreDataClass.swift */ = {isa = PBXFileReference; lastKnownFileType = sourcecode.swift; path = "RecordingInformation+CoreDataClass.swift"; sourceTree = "<group>"; };
		6523EEBA21CDDEC400EF0333 /* RecordingInformation+CoreDataProperties.swift */ = {isa = PBXFileReference; lastKnownFileType = sourcecode.swift; path = "RecordingInformation+CoreDataProperties.swift"; sourceTree = "<group>"; };
		6523EEBB21CDDEC400EF0333 /* Label+CoreDataClass.swift */ = {isa = PBXFileReference; lastKnownFileType = sourcecode.swift; path = "Label+CoreDataClass.swift"; sourceTree = "<group>"; };
		6523EEBC21CDDEC400EF0333 /* Label+CoreDataProperties.swift */ = {isa = PBXFileReference; lastKnownFileType = sourcecode.swift; path = "Label+CoreDataProperties.swift"; sourceTree = "<group>"; };
		6523EEBD21CDDEC400EF0333 /* Recording+CoreDataClass.swift */ = {isa = PBXFileReference; lastKnownFileType = sourcecode.swift; path = "Recording+CoreDataClass.swift"; sourceTree = "<group>"; };
		6523EEBE21CDDEC400EF0333 /* Recording+CoreDataProperties.swift */ = {isa = PBXFileReference; lastKnownFileType = sourcecode.swift; path = "Recording+CoreDataProperties.swift"; sourceTree = "<group>"; };
		6523EEBF21CDDEC400EF0333 /* Artist+CoreDataClass.swift */ = {isa = PBXFileReference; lastKnownFileType = sourcecode.swift; path = "Artist+CoreDataClass.swift"; sourceTree = "<group>"; };
		6523EEC021CDDEC400EF0333 /* Artist+CoreDataProperties.swift */ = {isa = PBXFileReference; lastKnownFileType = sourcecode.swift; path = "Artist+CoreDataProperties.swift"; sourceTree = "<group>"; };
		6523EEC121CDDEC400EF0333 /* Genre+CoreDataClass.swift */ = {isa = PBXFileReference; lastKnownFileType = sourcecode.swift; path = "Genre+CoreDataClass.swift"; sourceTree = "<group>"; };
		6523EEC221CDDEC400EF0333 /* Genre+CoreDataProperties.swift */ = {isa = PBXFileReference; lastKnownFileType = sourcecode.swift; path = "Genre+CoreDataProperties.swift"; sourceTree = "<group>"; };
		6523EED621CDE44500EF0333 /* Util.swift */ = {isa = PBXFileReference; lastKnownFileType = sourcecode.swift; path = Util.swift; sourceTree = "<group>"; };
		6523EED921CDE7CE00EF0333 /* BrowseViewController.swift */ = {isa = PBXFileReference; lastKnownFileType = sourcecode.swift; path = BrowseViewController.swift; sourceTree = "<group>"; };
		6523EEDD21CDECA000EF0333 /* RecordingData.swift */ = {isa = PBXFileReference; lastKnownFileType = sourcecode.swift; path = RecordingData.swift; sourceTree = "<group>"; };
		653EA79222498527005B9C35 /* RecordingCell.swift */ = {isa = PBXFileReference; lastKnownFileType = sourcecode.swift; path = RecordingCell.swift; sourceTree = "<group>"; };
		653EA7942249F0FE005B9C35 /* ArtistCell.swift */ = {isa = PBXFileReference; lastKnownFileType = sourcecode.swift; path = ArtistCell.swift; sourceTree = "<group>"; };
		65B49D24226BE77700813506 /* DateExtension.swift */ = {isa = PBXFileReference; lastKnownFileType = sourcecode.swift; path = DateExtension.swift; sourceTree = "<group>"; };
		65C48AFC223B0B6900231B32 /* FollowingViewController.swift */ = {isa = PBXFileReference; lastKnownFileType = sourcecode.swift; path = FollowingViewController.swift; sourceTree = "<group>"; };
		65C48B00223BE70C00231B32 /* UILabelExtension.swift */ = {isa = PBXFileReference; lastKnownFileType = sourcecode.swift; path = UILabelExtension.swift; sourceTree = "<group>"; };
		65EC7B992274EF090077BBBD /* ArtistViewModel.swift */ = {isa = PBXFileReference; lastKnownFileType = sourcecode.swift; path = ArtistViewModel.swift; sourceTree = "<group>"; };
		65EC7B9B2274F7690077BBBD /* RecordingViewModel.swift */ = {isa = PBXFileReference; lastKnownFileType = sourcecode.swift; path = RecordingViewModel.swift; sourceTree = "<group>"; };
		65FD31E621DC75A600C9BE90 /* LocalNotif.swift */ = {isa = PBXFileReference; lastKnownFileType = sourcecode.swift; path = LocalNotif.swift; sourceTree = "<group>"; };
/* End PBXFileReference section */

/* Begin PBXFrameworksBuildPhase section */
		6523EE9C21CDDBD200EF0333 /* Frameworks */ = {
			isa = PBXFrameworksBuildPhase;
			buildActionMask = 2147483647;
			files = (
			);
			runOnlyForDeploymentPostprocessing = 0;
		};
/* End PBXFrameworksBuildPhase section */

/* Begin PBXGroup section */
		6523EE9621CDDBD200EF0333 = {
			isa = PBXGroup;
			children = (
				6523EEA121CDDBD200EF0333 /* apollo-iOS */,
				6523EEA021CDDBD200EF0333 /* Products */,
			);
			sourceTree = "<group>";
		};
		6523EEA021CDDBD200EF0333 /* Products */ = {
			isa = PBXGroup;
			children = (
				6523EE9F21CDDBD200EF0333 /* apollo-iOS.app */,
			);
			name = Products;
			sourceTree = "<group>";
		};
		6523EEA121CDDBD200EF0333 /* apollo-iOS */ = {
			isa = PBXGroup;
			children = (
				65EC7B962274EC6C0077BBBD /* Views */,
				65EC7B952274EC280077BBBD /* ViewModels */,
				65C48B02223BE73900231B32 /* Extensions */,
				6523EED521CDE42000EF0333 /* Supporting Files */,
				6523EECF21CDDED300EF0333 /* CoreData */,
				6523EED821CDE59C00EF0333 /* ViewControllers */,
				6523EEDD21CDECA000EF0333 /* RecordingData.swift */,
				65FD31E621DC75A600C9BE90 /* LocalNotif.swift */,
			);
			path = "apollo-iOS";
			sourceTree = "<group>";
		};
		6523EECF21CDDED300EF0333 /* CoreData */ = {
			isa = PBXGroup;
			children = (
				6523EEA921CDDBD200EF0333 /* apollo_iOS.xcdatamodeld */,
				6523EED321CDDF7D00EF0333 /* Class */,
				6523EED421CDDF8B00EF0333 /* Properties */,
			);
			name = CoreData;
			sourceTree = "<group>";
		};
		6523EED321CDDF7D00EF0333 /* Class */ = {
			isa = PBXGroup;
			children = (
				6523EEB921CDDEC400EF0333 /* RecordingInformation+CoreDataClass.swift */,
				6523EEBD21CDDEC400EF0333 /* Recording+CoreDataClass.swift */,
				6523EEBF21CDDEC400EF0333 /* Artist+CoreDataClass.swift */,
				6523EEC121CDDEC400EF0333 /* Genre+CoreDataClass.swift */,
				6523EEBB21CDDEC400EF0333 /* Label+CoreDataClass.swift */,
			);
			name = Class;
			sourceTree = "<group>";
		};
		6523EED421CDDF8B00EF0333 /* Properties */ = {
			isa = PBXGroup;
			children = (
				6523EEBA21CDDEC400EF0333 /* RecordingInformation+CoreDataProperties.swift */,
				6523EEBE21CDDEC400EF0333 /* Recording+CoreDataProperties.swift */,
				6523EEC021CDDEC400EF0333 /* Artist+CoreDataProperties.swift */,
				6523EEC221CDDEC400EF0333 /* Genre+CoreDataProperties.swift */,
				6523EEBC21CDDEC400EF0333 /* Label+CoreDataProperties.swift */,
			);
			name = Properties;
			sourceTree = "<group>";
		};
		6523EED521CDE42000EF0333 /* Supporting Files */ = {
			isa = PBXGroup;
			children = (
				6523EEAE21CDDBD500EF0333 /* LaunchScreen.storyboard */,
				6523EEB121CDDBD500EF0333 /* Info.plist */,
				6523EEAC21CDDBD500EF0333 /* Assets.xcassets */,
				6523EEA221CDDBD200EF0333 /* AppDelegate.swift */,
				6523EED621CDE44500EF0333 /* Util.swift */,
			);
			name = "Supporting Files";
			sourceTree = "<group>";
		};
		6523EED821CDE59C00EF0333 /* ViewControllers */ = {
			isa = PBXGroup;
			children = (
				6523EED921CDE7CE00EF0333 /* BrowseViewController.swift */,
				65C48AFC223B0B6900231B32 /* FollowingViewController.swift */,
			);
			name = ViewControllers;
			sourceTree = "<group>";
		};
		65C48B02223BE73900231B32 /* Extensions */ = {
			isa = PBXGroup;
			children = (
				65C48B00223BE70C00231B32 /* UILabelExtension.swift */,
				65B49D24226BE77700813506 /* DateExtension.swift */,
			);
			name = Extensions;
			sourceTree = "<group>";
		};
		65EC7B952274EC280077BBBD /* ViewModels */ = {
			isa = PBXGroup;
			children = (
				65EC7B992274EF090077BBBD /* ArtistViewModel.swift */,
				65EC7B9B2274F7690077BBBD /* RecordingViewModel.swift */,
			);
			name = ViewModels;
			sourceTree = "<group>";
		};
		65EC7B962274EC6C0077BBBD /* Views */ = {
			isa = PBXGroup;
			children = (
				653EA7942249F0FE005B9C35 /* ArtistCell.swift */,
				653EA79222498527005B9C35 /* RecordingCell.swift */,
			);
			name = Views;
			sourceTree = "<group>";
		};
/* End PBXGroup section */

/* Begin PBXNativeTarget section */
		6523EE9E21CDDBD200EF0333 /* apollo-iOS */ = {
			isa = PBXNativeTarget;
			buildConfigurationList = 6523EEB421CDDBD500EF0333 /* Build configuration list for PBXNativeTarget "apollo-iOS" */;
			buildPhases = (
				6523EE9B21CDDBD200EF0333 /* Sources */,
				6523EE9C21CDDBD200EF0333 /* Frameworks */,
				6523EE9D21CDDBD200EF0333 /* Resources */,
			);
			buildRules = (
			);
			dependencies = (
			);
			name = "apollo-iOS";
			productName = "apollo-iOS";
			productReference = 6523EE9F21CDDBD200EF0333 /* apollo-iOS.app */;
			productType = "com.apple.product-type.application";
		};
/* End PBXNativeTarget section */

/* Begin PBXProject section */
		6523EE9721CDDBD200EF0333 /* Project object */ = {
			isa = PBXProject;
			attributes = {
				LastSwiftUpdateCheck = 1010;
				LastUpgradeCheck = 1010;
				ORGANIZATIONNAME = DanielBogomazov;
				TargetAttributes = {
					6523EE9E21CDDBD200EF0333 = {
						CreatedOnToolsVersion = 10.1;
						LastSwiftMigration = 1020;
						SystemCapabilities = {
							com.apple.BackgroundModes = {
								enabled = 0;
							};
						};
					};
				};
			};
			buildConfigurationList = 6523EE9A21CDDBD200EF0333 /* Build configuration list for PBXProject "apollo-iOS" */;
			compatibilityVersion = "Xcode 9.3";
			developmentRegion = en;
			hasScannedForEncodings = 0;
			knownRegions = (
				en,
				Base,
			);
			mainGroup = 6523EE9621CDDBD200EF0333;
			productRefGroup = 6523EEA021CDDBD200EF0333 /* Products */;
			projectDirPath = "";
			projectRoot = "";
			targets = (
				6523EE9E21CDDBD200EF0333 /* apollo-iOS */,
			);
		};
/* End PBXProject section */

/* Begin PBXResourcesBuildPhase section */
		6523EE9D21CDDBD200EF0333 /* Resources */ = {
			isa = PBXResourcesBuildPhase;
			buildActionMask = 2147483647;
			files = (
				6523EEB021CDDBD500EF0333 /* LaunchScreen.storyboard in Resources */,
				6523EEAD21CDDBD500EF0333 /* Assets.xcassets in Resources */,
			);
			runOnlyForDeploymentPostprocessing = 0;
		};
/* End PBXResourcesBuildPhase section */

/* Begin PBXSourcesBuildPhase section */
		6523EE9B21CDDBD200EF0333 /* Sources */ = {
			isa = PBXSourcesBuildPhase;
			buildActionMask = 2147483647;
			files = (
				6523EEC721CDDEC400EF0333 /* Label+CoreDataClass.swift in Sources */,
				65B49D25226BE77700813506 /* DateExtension.swift in Sources */,
				6523EEC821CDDEC400EF0333 /* Label+CoreDataProperties.swift in Sources */,
				65EC7B9A2274EF090077BBBD /* ArtistViewModel.swift in Sources */,
				6523EEDA21CDE7CE00EF0333 /* BrowseViewController.swift in Sources */,
				6523EECA21CDDEC400EF0333 /* Recording+CoreDataProperties.swift in Sources */,
				65EC7B9C2274F7690077BBBD /* RecordingViewModel.swift in Sources */,
				6523EED721CDE44500EF0333 /* Util.swift in Sources */,
				6523EEC621CDDEC400EF0333 /* RecordingInformation+CoreDataProperties.swift in Sources */,
				65FD31E721DC75A600C9BE90 /* LocalNotif.swift in Sources */,
				6523EEDE21CDECA000EF0333 /* RecordingData.swift in Sources */,
				6523EEC521CDDEC400EF0333 /* RecordingInformation+CoreDataClass.swift in Sources */,
				6523EECE21CDDEC400EF0333 /* Genre+CoreDataProperties.swift in Sources */,
				6523EEAB21CDDBD200EF0333 /* apollo_iOS.xcdatamodeld in Sources */,
				6523EEA321CDDBD200EF0333 /* AppDelegate.swift in Sources */,
				6523EECB21CDDEC400EF0333 /* Artist+CoreDataClass.swift in Sources */,
				6523EECC21CDDEC400EF0333 /* Artist+CoreDataProperties.swift in Sources */,
				6523EECD21CDDEC400EF0333 /* Genre+CoreDataClass.swift in Sources */,
				65C48AFD223B0B6900231B32 /* FollowingViewController.swift in Sources */,
				653EA79322498527005B9C35 /* RecordingCell.swift in Sources */,
				65C48B01223BE70C00231B32 /* UILabelExtension.swift in Sources */,
				653EA7952249F0FE005B9C35 /* ArtistCell.swift in Sources */,
				6523EEC921CDDEC400EF0333 /* Recording+CoreDataClass.swift in Sources */,
			);
			runOnlyForDeploymentPostprocessing = 0;
		};
/* End PBXSourcesBuildPhase section */

/* Begin PBXVariantGroup section */
		6523EEAE21CDDBD500EF0333 /* LaunchScreen.storyboard */ = {
			isa = PBXVariantGroup;
			children = (
				6523EEAF21CDDBD500EF0333 /* Base */,
			);
			name = LaunchScreen.storyboard;
			sourceTree = "<group>";
		};
/* End PBXVariantGroup section */

/* Begin XCBuildConfiguration section */
		6523EEB221CDDBD500EF0333 /* Debug */ = {
			isa = XCBuildConfiguration;
			buildSettings = {
				ALWAYS_SEARCH_USER_PATHS = NO;
				CLANG_ANALYZER_NONNULL = YES;
				CLANG_ANALYZER_NUMBER_OBJECT_CONVERSION = YES_AGGRESSIVE;
				CLANG_CXX_LANGUAGE_STANDARD = "gnu++14";
				CLANG_CXX_LIBRARY = "libc++";
				CLANG_ENABLE_MODULES = YES;
				CLANG_ENABLE_OBJC_ARC = YES;
				CLANG_ENABLE_OBJC_WEAK = YES;
				CLANG_WARN_BLOCK_CAPTURE_AUTORELEASING = YES;
				CLANG_WARN_BOOL_CONVERSION = YES;
				CLANG_WARN_COMMA = YES;
				CLANG_WARN_CONSTANT_CONVERSION = YES;
				CLANG_WARN_DEPRECATED_OBJC_IMPLEMENTATIONS = YES;
				CLANG_WARN_DIRECT_OBJC_ISA_USAGE = YES_ERROR;
				CLANG_WARN_DOCUMENTATION_COMMENTS = YES;
				CLANG_WARN_EMPTY_BODY = YES;
				CLANG_WARN_ENUM_CONVERSION = YES;
				CLANG_WARN_INFINITE_RECURSION = YES;
				CLANG_WARN_INT_CONVERSION = YES;
				CLANG_WARN_NON_LITERAL_NULL_CONVERSION = YES;
				CLANG_WARN_OBJC_IMPLICIT_RETAIN_SELF = YES;
				CLANG_WARN_OBJC_LITERAL_CONVERSION = YES;
				CLANG_WARN_OBJC_ROOT_CLASS = YES_ERROR;
				CLANG_WARN_RANGE_LOOP_ANALYSIS = YES;
				CLANG_WARN_STRICT_PROTOTYPES = YES;
				CLANG_WARN_SUSPICIOUS_MOVE = YES;
				CLANG_WARN_UNGUARDED_AVAILABILITY = YES_AGGRESSIVE;
				CLANG_WARN_UNREACHABLE_CODE = YES;
				CLANG_WARN__DUPLICATE_METHOD_MATCH = YES;
				CODE_SIGN_IDENTITY = "iPhone Developer";
				COPY_PHASE_STRIP = NO;
				DEBUG_INFORMATION_FORMAT = dwarf;
				ENABLE_STRICT_OBJC_MSGSEND = YES;
				ENABLE_TESTABILITY = YES;
				GCC_C_LANGUAGE_STANDARD = gnu11;
				GCC_DYNAMIC_NO_PIC = NO;
				GCC_NO_COMMON_BLOCKS = YES;
				GCC_OPTIMIZATION_LEVEL = 0;
				GCC_PREPROCESSOR_DEFINITIONS = (
					"DEBUG=1",
					"$(inherited)",
				);
				GCC_WARN_64_TO_32_BIT_CONVERSION = YES;
				GCC_WARN_ABOUT_RETURN_TYPE = YES_ERROR;
				GCC_WARN_UNDECLARED_SELECTOR = YES;
				GCC_WARN_UNINITIALIZED_AUTOS = YES_AGGRESSIVE;
				GCC_WARN_UNUSED_FUNCTION = YES;
				GCC_WARN_UNUSED_VARIABLE = YES;
				IPHONEOS_DEPLOYMENT_TARGET = 12.1;
				MTL_ENABLE_DEBUG_INFO = INCLUDE_SOURCE;
				MTL_FAST_MATH = YES;
				ONLY_ACTIVE_ARCH = YES;
				SDKROOT = iphoneos;
				SWIFT_ACTIVE_COMPILATION_CONDITIONS = DEBUG;
				SWIFT_OPTIMIZATION_LEVEL = "-Onone";
			};
			name = Debug;
		};
		6523EEB321CDDBD500EF0333 /* Release */ = {
			isa = XCBuildConfiguration;
			buildSettings = {
				ALWAYS_SEARCH_USER_PATHS = NO;
				CLANG_ANALYZER_NONNULL = YES;
				CLANG_ANALYZER_NUMBER_OBJECT_CONVERSION = YES_AGGRESSIVE;
				CLANG_CXX_LANGUAGE_STANDARD = "gnu++14";
				CLANG_CXX_LIBRARY = "libc++";
				CLANG_ENABLE_MODULES = YES;
				CLANG_ENABLE_OBJC_ARC = YES;
				CLANG_ENABLE_OBJC_WEAK = YES;
				CLANG_WARN_BLOCK_CAPTURE_AUTORELEASING = YES;
				CLANG_WARN_BOOL_CONVERSION = YES;
				CLANG_WARN_COMMA = YES;
				CLANG_WARN_CONSTANT_CONVERSION = YES;
				CLANG_WARN_DEPRECATED_OBJC_IMPLEMENTATIONS = YES;
				CLANG_WARN_DIRECT_OBJC_ISA_USAGE = YES_ERROR;
				CLANG_WARN_DOCUMENTATION_COMMENTS = YES;
				CLANG_WARN_EMPTY_BODY = YES;
				CLANG_WARN_ENUM_CONVERSION = YES;
				CLANG_WARN_INFINITE_RECURSION = YES;
				CLANG_WARN_INT_CONVERSION = YES;
				CLANG_WARN_NON_LITERAL_NULL_CONVERSION = YES;
				CLANG_WARN_OBJC_IMPLICIT_RETAIN_SELF = YES;
				CLANG_WARN_OBJC_LITERAL_CONVERSION = YES;
				CLANG_WARN_OBJC_ROOT_CLASS = YES_ERROR;
				CLANG_WARN_RANGE_LOOP_ANALYSIS = YES;
				CLANG_WARN_STRICT_PROTOTYPES = YES;
				CLANG_WARN_SUSPICIOUS_MOVE = YES;
				CLANG_WARN_UNGUARDED_AVAILABILITY = YES_AGGRESSIVE;
				CLANG_WARN_UNREACHABLE_CODE = YES;
				CLANG_WARN__DUPLICATE_METHOD_MATCH = YES;
				CODE_SIGN_IDENTITY = "iPhone Developer";
				COPY_PHASE_STRIP = NO;
				DEBUG_INFORMATION_FORMAT = "dwarf-with-dsym";
				ENABLE_NS_ASSERTIONS = NO;
				ENABLE_STRICT_OBJC_MSGSEND = YES;
				GCC_C_LANGUAGE_STANDARD = gnu11;
				GCC_NO_COMMON_BLOCKS = YES;
				GCC_WARN_64_TO_32_BIT_CONVERSION = YES;
				GCC_WARN_ABOUT_RETURN_TYPE = YES_ERROR;
				GCC_WARN_UNDECLARED_SELECTOR = YES;
				GCC_WARN_UNINITIALIZED_AUTOS = YES_AGGRESSIVE;
				GCC_WARN_UNUSED_FUNCTION = YES;
				GCC_WARN_UNUSED_VARIABLE = YES;
				IPHONEOS_DEPLOYMENT_TARGET = 12.1;
				MTL_ENABLE_DEBUG_INFO = NO;
				MTL_FAST_MATH = YES;
				SDKROOT = iphoneos;
				SWIFT_COMPILATION_MODE = wholemodule;
				SWIFT_OPTIMIZATION_LEVEL = "-O";
				VALIDATE_PRODUCT = YES;
			};
			name = Release;
		};
		6523EEB521CDDBD500EF0333 /* Debug */ = {
			isa = XCBuildConfiguration;
			buildSettings = {
				ASSETCATALOG_COMPILER_APPICON_NAME = AppIcon;
				CODE_SIGN_STYLE = Automatic;
				DEVELOPMENT_TEAM = 2XBPW4DKBC;
				INFOPLIST_FILE = "apollo-iOS/Info.plist";
				IPHONEOS_DEPLOYMENT_TARGET = 12.1;
				LD_RUNPATH_SEARCH_PATHS = (
					"$(inherited)",
					"@executable_path/Frameworks",
				);
				PRODUCT_BUNDLE_IDENTIFIER = com.danielbogomazov.apollo;
				PRODUCT_NAME = "$(TARGET_NAME)";
				SWIFT_VERSION = 5.0;
				TARGETED_DEVICE_FAMILY = "1,2";
			};
			name = Debug;
		};
		6523EEB621CDDBD500EF0333 /* Release */ = {
			isa = XCBuildConfiguration;
			buildSettings = {
				ASSETCATALOG_COMPILER_APPICON_NAME = AppIcon;
				CODE_SIGN_STYLE = Automatic;
				DEVELOPMENT_TEAM = 2XBPW4DKBC;
				INFOPLIST_FILE = "apollo-iOS/Info.plist";
				IPHONEOS_DEPLOYMENT_TARGET = 12.1;
				LD_RUNPATH_SEARCH_PATHS = (
					"$(inherited)",
					"@executable_path/Frameworks",
				);
				PRODUCT_BUNDLE_IDENTIFIER = com.danielbogomazov.apollo;
				PRODUCT_NAME = "$(TARGET_NAME)";
				SWIFT_VERSION = 5.0;
				TARGETED_DEVICE_FAMILY = "1,2";
			};
			name = Release;
		};
/* End XCBuildConfiguration section */

/* Begin XCConfigurationList section */
		6523EE9A21CDDBD200EF0333 /* Build configuration list for PBXProject "apollo-iOS" */ = {
			isa = XCConfigurationList;
			buildConfigurations = (
				6523EEB221CDDBD500EF0333 /* Debug */,
				6523EEB321CDDBD500EF0333 /* Release */,
			);
			defaultConfigurationIsVisible = 0;
			defaultConfigurationName = Release;
		};
		6523EEB421CDDBD500EF0333 /* Build configuration list for PBXNativeTarget "apollo-iOS" */ = {
			isa = XCConfigurationList;
			buildConfigurations = (
				6523EEB521CDDBD500EF0333 /* Debug */,
				6523EEB621CDDBD500EF0333 /* Release */,
			);
			defaultConfigurationIsVisible = 0;
			defaultConfigurationName = Release;
		};
/* End XCConfigurationList section */

/* Begin XCVersionGroup section */
		6523EEA921CDDBD200EF0333 /* apollo_iOS.xcdatamodeld */ = {
			isa = XCVersionGroup;
			children = (
				6523EEAA21CDDBD200EF0333 /* apollo_iOS.xcdatamodel */,
			);
			currentVersion = 6523EEAA21CDDBD200EF0333 /* apollo_iOS.xcdatamodel */;
			path = apollo_iOS.xcdatamodeld;
			sourceTree = "<group>";
			versionGroupType = wrapper.xcdatamodel;
		};
/* End XCVersionGroup section */
	};
	rootObject = 6523EE9721CDDBD200EF0333 /* Project object */;
}
